
Microsoft Visual Studio Solution File, Format Version 12.00
# Visual Studio 14
VisualStudioVersion = 14.0.25420.1
MinimumVisualStudioVersion = 10.0.40219.1
Project("{FAE04EC0-301F-11D3-BF4B-00C04F79EFBC}") = "SampleHello.Android", "SampleHello\SampleHello.Android\SampleHello.Android.csproj", "{FF88DE33-1FE2-4343-BB2C-E8EF732B01A0}"
EndProject
Project("{FAE04EC0-301F-11D3-BF4B-00C04F79EFBC}") = "SampleHello", "SampleHello\SampleHello\SampleHello.csproj", "{274474E3-ED57-4397-9029-C82E1750B1D7}"
EndProject
Project("{FAE04EC0-301F-11D3-BF4B-00C04F79EFBC}") = "SampleHello.UWP", "SampleHello\SampleHello.UWP\SampleHello.UWP.csproj", "{667A65AD-0F03-460E-B731-4A3CC37AE135}"
EndProject
Project("{FAE04EC0-301F-11D3-BF4B-00C04F79EFBC}") = "SampleHello.iOS", "SampleHello\SampleHello.iOS\SampleHello.iOS.csproj", "{EA926477-C349-4055-9788-F248FEABF076}"
EndProject
Global
	GlobalSection(SolutionConfigurationPlatforms) = preSolution
		Ad-Hoc|Any CPU = Ad-Hoc|Any CPU
		Ad-Hoc|ARM = Ad-Hoc|ARM
		Ad-Hoc|iPhone = Ad-Hoc|iPhone
		Ad-Hoc|iPhoneSimulator = Ad-Hoc|iPhoneSimulator
		Ad-Hoc|x64 = Ad-Hoc|x64
		Ad-Hoc|x86 = Ad-Hoc|x86
		AppStore|Any CPU = AppStore|Any CPU
		AppStore|ARM = AppStore|ARM
		AppStore|iPhone = AppStore|iPhone
		AppStore|iPhoneSimulator = AppStore|iPhoneSimulator
		AppStore|x64 = AppStore|x64
		AppStore|x86 = AppStore|x86
		Debug|Any CPU = Debug|Any CPU
		Debug|ARM = Debug|ARM
		Debug|iPhone = Debug|iPhone
		Debug|iPhoneSimulator = Debug|iPhoneSimulator
		Debug|x64 = Debug|x64
		Debug|x86 = Debug|x86
		Release|Any CPU = Release|Any CPU
		Release|ARM = Release|ARM
		Release|iPhone = Release|iPhone
		Release|iPhoneSimulator = Release|iPhoneSimulator
		Release|x64 = Release|x64
		Release|x86 = Release|x86
	EndGlobalSection
	GlobalSection(ProjectConfigurationPlatforms) = postSolution
		{FF88DE33-1FE2-4343-BB2C-E8EF732B01A0}.Ad-Hoc|Any CPU.ActiveCfg = Release|Any CPU
		{FF88DE33-1FE2-4343-BB2C-E8EF732B01A0}.Ad-Hoc|Any CPU.Build.0 = Release|Any CPU
		{FF88DE33-1FE2-4343-BB2C-E8EF732B01A0}.Ad-Hoc|Any CPU.Deploy.0 = Release|Any CPU
		{FF88DE33-1FE2-4343-BB2C-E8EF732B01A0}.Ad-Hoc|ARM.ActiveCfg = Release|Any CPU
		{FF88DE33-1FE2-4343-BB2C-E8EF732B01A0}.Ad-Hoc|ARM.Build.0 = Release|Any CPU
		{FF88DE33-1FE2-4343-BB2C-E8EF732B01A0}.Ad-Hoc|ARM.Deploy.0 = Release|Any CPU
		{FF88DE33-1FE2-4343-BB2C-E8EF732B01A0}.Ad-Hoc|iPhone.ActiveCfg = Release|Any CPU
		{FF88DE33-1FE2-4343-BB2C-E8EF732B01A0}.Ad-Hoc|iPhone.Build.0 = Release|Any CPU
		{FF88DE33-1FE2-4343-BB2C-E8EF732B01A0}.Ad-Hoc|iPhone.Deploy.0 = Release|Any CPU
		{FF88DE33-1FE2-4343-BB2C-E8EF732B01A0}.Ad-Hoc|iPhoneSimulator.ActiveCfg = Release|Any CPU
		{FF88DE33-1FE2-4343-BB2C-E8EF732B01A0}.Ad-Hoc|iPhoneSimulator.Build.0 = Release|Any CPU
		{FF88DE33-1FE2-4343-BB2C-E8EF732B01A0}.Ad-Hoc|iPhoneSimulator.Deploy.0 = Release|Any CPU
		{FF88DE33-1FE2-4343-BB2C-E8EF732B01A0}.Ad-Hoc|x64.ActiveCfg = Release|Any CPU
		{FF88DE33-1FE2-4343-BB2C-E8EF732B01A0}.Ad-Hoc|x64.Build.0 = Release|Any CPU
		{FF88DE33-1FE2-4343-BB2C-E8EF732B01A0}.Ad-Hoc|x64.Deploy.0 = Release|Any CPU
		{FF88DE33-1FE2-4343-BB2C-E8EF732B01A0}.Ad-Hoc|x86.ActiveCfg = Release|Any CPU
		{FF88DE33-1FE2-4343-BB2C-E8EF732B01A0}.Ad-Hoc|x86.Build.0 = Release|Any CPU
		{FF88DE33-1FE2-4343-BB2C-E8EF732B01A0}.Ad-Hoc|x86.Deploy.0 = Release|Any CPU
		{FF88DE33-1FE2-4343-BB2C-E8EF732B01A0}.AppStore|Any CPU.ActiveCfg = Release|Any CPU
		{FF88DE33-1FE2-4343-BB2C-E8EF732B01A0}.AppStore|Any CPU.Build.0 = Release|Any CPU
		{FF88DE33-1FE2-4343-BB2C-E8EF732B01A0}.AppStore|Any CPU.Deploy.0 = Release|Any CPU
		{FF88DE33-1FE2-4343-BB2C-E8EF732B01A0}.AppStore|ARM.ActiveCfg = Release|Any CPU
		{FF88DE33-1FE2-4343-BB2C-E8EF732B01A0}.AppStore|ARM.Build.0 = Release|Any CPU
		{FF88DE33-1FE2-4343-BB2C-E8EF732B01A0}.AppStore|ARM.Deploy.0 = Release|Any CPU
		{FF88DE33-1FE2-4343-BB2C-E8EF732B01A0}.AppStore|iPhone.ActiveCfg = Release|Any CPU
		{FF88DE33-1FE2-4343-BB2C-E8EF732B01A0}.AppStore|iPhone.Build.0 = Release|Any CPU
		{FF88DE33-1FE2-4343-BB2C-E8EF732B01A0}.AppStore|iPhone.Deploy.0 = Release|Any CPU
		{FF88DE33-1FE2-4343-BB2C-E8EF732B01A0}.AppStore|iPhoneSimulator.ActiveCfg = Release|Any CPU
		{FF88DE33-1FE2-4343-BB2C-E8EF732B01A0}.AppStore|iPhoneSimulator.Build.0 = Release|Any CPU
		{FF88DE33-1FE2-4343-BB2C-E8EF732B01A0}.AppStore|iPhoneSimulator.Deploy.0 = Release|Any CPU
		{FF88DE33-1FE2-4343-BB2C-E8EF732B01A0}.AppStore|x64.ActiveCfg = Release|Any CPU
		{FF88DE33-1FE2-4343-BB2C-E8EF732B01A0}.AppStore|x64.Build.0 = Release|Any CPU
		{FF88DE33-1FE2-4343-BB2C-E8EF732B01A0}.AppStore|x64.Deploy.0 = Release|Any CPU
		{FF88DE33-1FE2-4343-BB2C-E8EF732B01A0}.AppStore|x86.ActiveCfg = Release|Any CPU
		{FF88DE33-1FE2-4343-BB2C-E8EF732B01A0}.AppStore|x86.Build.0 = Release|Any CPU
		{FF88DE33-1FE2-4343-BB2C-E8EF732B01A0}.AppStore|x86.Deploy.0 = Release|Any CPU
		{FF88DE33-1FE2-4343-BB2C-E8EF732B01A0}.Debug|Any CPU.ActiveCfg = Debug|Any CPU
		{FF88DE33-1FE2-4343-BB2C-E8EF732B01A0}.Debug|Any CPU.Build.0 = Debug|Any CPU
		{FF88DE33-1FE2-4343-BB2C-E8EF732B01A0}.Debug|Any CPU.Deploy.0 = Debug|Any CPU
		{FF88DE33-1FE2-4343-BB2C-E8EF732B01A0}.Debug|ARM.ActiveCfg = Debug|Any CPU
		{FF88DE33-1FE2-4343-BB2C-E8EF732B01A0}.Debug|ARM.Build.0 = Debug|Any CPU
		{FF88DE33-1FE2-4343-BB2C-E8EF732B01A0}.Debug|ARM.Deploy.0 = Debug|Any CPU
		{FF88DE33-1FE2-4343-BB2C-E8EF732B01A0}.Debug|iPhone.ActiveCfg = Debug|Any CPU
		{FF88DE33-1FE2-4343-BB2C-E8EF732B01A0}.Debug|iPhone.Build.0 = Debug|Any CPU
		{FF88DE33-1FE2-4343-BB2C-E8EF732B01A0}.Debug|iPhone.Deploy.0 = Debug|Any CPU
		{FF88DE33-1FE2-4343-BB2C-E8EF732B01A0}.Debug|iPhoneSimulator.ActiveCfg = Debug|Any CPU
		{FF88DE33-1FE2-4343-BB2C-E8EF732B01A0}.Debug|iPhoneSimulator.Build.0 = Debug|Any CPU
		{FF88DE33-1FE2-4343-BB2C-E8EF732B01A0}.Debug|iPhoneSimulator.Deploy.0 = Debug|Any CPU
		{FF88DE33-1FE2-4343-BB2C-E8EF732B01A0}.Debug|x64.ActiveCfg = Debug|Any CPU
		{FF88DE33-1FE2-4343-BB2C-E8EF732B01A0}.Debug|x64.Build.0 = Debug|Any CPU
		{FF88DE33-1FE2-4343-BB2C-E8EF732B01A0}.Debug|x64.Deploy.0 = Debug|Any CPU
		{FF88DE33-1FE2-4343-BB2C-E8EF732B01A0}.Debug|x86.ActiveCfg = Debug|Any CPU
		{FF88DE33-1FE2-4343-BB2C-E8EF732B01A0}.Debug|x86.Build.0 = Debug|Any CPU
		{FF88DE33-1FE2-4343-BB2C-E8EF732B01A0}.Debug|x86.Deploy.0 = Debug|Any CPU
		{FF88DE33-1FE2-4343-BB2C-E8EF732B01A0}.Release|Any CPU.ActiveCfg = Release|Any CPU
		{FF88DE33-1FE2-4343-BB2C-E8EF732B01A0}.Release|Any CPU.Build.0 = Release|Any CPU
		{FF88DE33-1FE2-4343-BB2C-E8EF732B01A0}.Release|Any CPU.Deploy.0 = Release|Any CPU
		{FF88DE33-1FE2-4343-BB2C-E8EF732B01A0}.Release|ARM.ActiveCfg = Release|Any CPU
		{FF88DE33-1FE2-4343-BB2C-E8EF732B01A0}.Release|ARM.Build.0 = Release|Any CPU
		{FF88DE33-1FE2-4343-BB2C-E8EF732B01A0}.Release|ARM.Deploy.0 = Release|Any CPU
		{FF88DE33-1FE2-4343-BB2C-E8EF732B01A0}.Release|iPhone.ActiveCfg = Release|Any CPU
		{FF88DE33-1FE2-4343-BB2C-E8EF732B01A0}.Release|iPhone.Build.0 = Release|Any CPU
		{FF88DE33-1FE2-4343-BB2C-E8EF732B01A0}.Release|iPhone.Deploy.0 = Release|Any CPU
		{FF88DE33-1FE2-4343-BB2C-E8EF732B01A0}.Release|iPhoneSimulator.ActiveCfg = Release|Any CPU
		{FF88DE33-1FE2-4343-BB2C-E8EF732B01A0}.Release|iPhoneSimulator.Build.0 = Release|Any CPU
		{FF88DE33-1FE2-4343-BB2C-E8EF732B01A0}.Release|iPhoneSimulator.Deploy.0 = Release|Any CPU
		{FF88DE33-1FE2-4343-BB2C-E8EF732B01A0}.Release|x64.ActiveCfg = Release|Any CPU
		{FF88DE33-1FE2-4343-BB2C-E8EF732B01A0}.Release|x64.Build.0 = Release|Any CPU
		{FF88DE33-1FE2-4343-BB2C-E8EF732B01A0}.Release|x64.Deploy.0 = Release|Any CPU
		{FF88DE33-1FE2-4343-BB2C-E8EF732B01A0}.Release|x86.ActiveCfg = Release|Any CPU
		{FF88DE33-1FE2-4343-BB2C-E8EF732B01A0}.Release|x86.Build.0 = Release|Any CPU
		{FF88DE33-1FE2-4343-BB2C-E8EF732B01A0}.Release|x86.Deploy.0 = Release|Any CPU
		{274474E3-ED57-4397-9029-C82E1750B1D7}.Ad-Hoc|Any CPU.ActiveCfg = Release|Any CPU
		{274474E3-ED57-4397-9029-C82E1750B1D7}.Ad-Hoc|Any CPU.Build.0 = Release|Any CPU
		{274474E3-ED57-4397-9029-C82E1750B1D7}.Ad-Hoc|ARM.ActiveCfg = Release|Any CPU
		{274474E3-ED57-4397-9029-C82E1750B1D7}.Ad-Hoc|ARM.Build.0 = Release|Any CPU
		{274474E3-ED57-4397-9029-C82E1750B1D7}.Ad-Hoc|iPhone.ActiveCfg = Release|Any CPU
		{274474E3-ED57-4397-9029-C82E1750B1D7}.Ad-Hoc|iPhone.Build.0 = Release|Any CPU
		{274474E3-ED57-4397-9029-C82E1750B1D7}.Ad-Hoc|iPhoneSimulator.ActiveCfg = Release|Any CPU
		{274474E3-ED57-4397-9029-C82E1750B1D7}.Ad-Hoc|iPhoneSimulator.Build.0 = Release|Any CPU
		{274474E3-ED57-4397-9029-C82E1750B1D7}.Ad-Hoc|x64.ActiveCfg = Release|Any CPU
		{274474E3-ED57-4397-9029-C82E1750B1D7}.Ad-Hoc|x64.Build.0 = Release|Any CPU
		{274474E3-ED57-4397-9029-C82E1750B1D7}.Ad-Hoc|x86.ActiveCfg = Release|Any CPU
		{274474E3-ED57-4397-9029-C82E1750B1D7}.Ad-Hoc|x86.Build.0 = Release|Any CPU
		{274474E3-ED57-4397-9029-C82E1750B1D7}.AppStore|Any CPU.ActiveCfg = Release|Any CPU
		{274474E3-ED57-4397-9029-C82E1750B1D7}.AppStore|Any CPU.Build.0 = Release|Any CPU
		{274474E3-ED57-4397-9029-C82E1750B1D7}.AppStore|ARM.ActiveCfg = Release|Any CPU
		{274474E3-ED57-4397-9029-C82E1750B1D7}.AppStore|ARM.Build.0 = Release|Any CPU
		{274474E3-ED57-4397-9029-C82E1750B1D7}.AppStore|iPhone.ActiveCfg = Release|Any CPU
		{274474E3-ED57-4397-9029-C82E1750B1D7}.AppStore|iPhone.Build.0 = Release|Any CPU
		{274474E3-ED57-4397-9029-C82E1750B1D7}.AppStore|iPhoneSimulator.ActiveCfg = Release|Any CPU
		{274474E3-ED57-4397-9029-C82E1750B1D7}.AppStore|iPhoneSimulator.Build.0 = Release|Any CPU
		{274474E3-ED57-4397-9029-C82E1750B1D7}.AppStore|x64.ActiveCfg = Release|Any CPU
		{274474E3-ED57-4397-9029-C82E1750B1D7}.AppStore|x64.Build.0 = Release|Any CPU
		{274474E3-ED57-4397-9029-C82E1750B1D7}.AppStore|x86.ActiveCfg = Release|Any CPU
		{274474E3-ED57-4397-9029-C82E1750B1D7}.AppStore|x86.Build.0 = Release|Any CPU
		{274474E3-ED57-4397-9029-C82E1750B1D7}.Debug|Any CPU.ActiveCfg = Debug|Any CPU
		{274474E3-ED57-4397-9029-C82E1750B1D7}.Debug|Any CPU.Build.0 = Debug|Any CPU
		{274474E3-ED57-4397-9029-C82E1750B1D7}.Debug|ARM.ActiveCfg = Debug|Any CPU
		{274474E3-ED57-4397-9029-C82E1750B1D7}.Debug|ARM.Build.0 = Debug|Any CPU
		{274474E3-ED57-4397-9029-C82E1750B1D7}.Debug|iPhone.ActiveCfg = Debug|Any CPU
		{274474E3-ED57-4397-9029-C82E1750B1D7}.Debug|iPhone.Build.0 = Debug|Any CPU
		{274474E3-ED57-4397-9029-C82E1750B1D7}.Debug|iPhoneSimulator.ActiveCfg = Debug|Any CPU
		{274474E3-ED57-4397-9029-C82E1750B1D7}.Debug|iPhoneSimulator.Build.0 = Debug|Any CPU
		{274474E3-ED57-4397-9029-C82E1750B1D7}.Debug|x64.ActiveCfg = Debug|Any CPU
		{274474E3-ED57-4397-9029-C82E1750B1D7}.Debug|x64.Build.0 = Debug|Any CPU
		{274474E3-ED57-4397-9029-C82E1750B1D7}.Debug|x86.ActiveCfg = Debug|Any CPU
		{274474E3-ED57-4397-9029-C82E1750B1D7}.Debug|x86.Build.0 = Debug|Any CPU
		{274474E3-ED57-4397-9029-C82E1750B1D7}.Release|Any CPU.ActiveCfg = Release|Any CPU
		{274474E3-ED57-4397-9029-C82E1750B1D7}.Release|Any CPU.Build.0 = Release|Any CPU
		{274474E3-ED57-4397-9029-C82E1750B1D7}.Release|ARM.ActiveCfg = Release|Any CPU
		{274474E3-ED57-4397-9029-C82E1750B1D7}.Release|ARM.Build.0 = Release|Any CPU
		{274474E3-ED57-4397-9029-C82E1750B1D7}.Release|iPhone.ActiveCfg = Release|Any CPU
		{274474E3-ED57-4397-9029-C82E1750B1D7}.Release|iPhone.Build.0 = Release|Any CPU
		{274474E3-ED57-4397-9029-C82E1750B1D7}.Release|iPhoneSimulator.ActiveCfg = Release|Any CPU
		{274474E3-ED57-4397-9029-C82E1750B1D7}.Release|iPhoneSimulator.Build.0 = Release|Any CPU
		{274474E3-ED57-4397-9029-C82E1750B1D7}.Release|x64.ActiveCfg = Release|Any CPU
		{274474E3-ED57-4397-9029-C82E1750B1D7}.Release|x64.Build.0 = Release|Any CPU
		{274474E3-ED57-4397-9029-C82E1750B1D7}.Release|x86.ActiveCfg = Release|Any CPU
		{274474E3-ED57-4397-9029-C82E1750B1D7}.Release|x86.Build.0 = Release|Any CPU
		{667A65AD-0F03-460E-B731-4A3CC37AE135}.Ad-Hoc|Any CPU.ActiveCfg = Release|x86
		{667A65AD-0F03-460E-B731-4A3CC37AE135}.Ad-Hoc|Any CPU.Build.0 = Release|x86
		{667A65AD-0F03-460E-B731-4A3CC37AE135}.Ad-Hoc|Any CPU.Deploy.0 = Release|x86
		{667A65AD-0F03-460E-B731-4A3CC37AE135}.Ad-Hoc|ARM.ActiveCfg = Release|ARM
		{667A65AD-0F03-460E-B731-4A3CC37AE135}.Ad-Hoc|ARM.Build.0 = Release|ARM
		{667A65AD-0F03-460E-B731-4A3CC37AE135}.Ad-Hoc|ARM.Deploy.0 = Release|ARM
		{667A65AD-0F03-460E-B731-4A3CC37AE135}.Ad-Hoc|iPhone.ActiveCfg = Release|x86
		{667A65AD-0F03-460E-B731-4A3CC37AE135}.Ad-Hoc|iPhone.Build.0 = Release|x86
		{667A65AD-0F03-460E-B731-4A3CC37AE135}.Ad-Hoc|iPhone.Deploy.0 = Release|x86
		{667A65AD-0F03-460E-B731-4A3CC37AE135}.Ad-Hoc|iPhoneSimulator.ActiveCfg = Release|x86
		{667A65AD-0F03-460E-B731-4A3CC37AE135}.Ad-Hoc|iPhoneSimulator.Build.0 = Release|x86
		{667A65AD-0F03-460E-B731-4A3CC37AE135}.Ad-Hoc|iPhoneSimulator.Deploy.0 = Release|x86
		{667A65AD-0F03-460E-B731-4A3CC37AE135}.Ad-Hoc|x64.ActiveCfg = Release|x64
		{667A65AD-0F03-460E-B731-4A3CC37AE135}.Ad-Hoc|x64.Build.0 = Release|x64
		{667A65AD-0F03-460E-B731-4A3CC37AE135}.Ad-Hoc|x64.Deploy.0 = Release|x64
		{667A65AD-0F03-460E-B731-4A3CC37AE135}.Ad-Hoc|x86.ActiveCfg = Release|x86
		{667A65AD-0F03-460E-B731-4A3CC37AE135}.Ad-Hoc|x86.Build.0 = Release|x86
		{667A65AD-0F03-460E-B731-4A3CC37AE135}.Ad-Hoc|x86.Deploy.0 = Release|x86
		{667A65AD-0F03-460E-B731-4A3CC37AE135}.AppStore|Any CPU.ActiveCfg = Release|x86
		{667A65AD-0F03-460E-B731-4A3CC37AE135}.AppStore|Any CPU.Build.0 = Release|x86
		{667A65AD-0F03-460E-B731-4A3CC37AE135}.AppStore|Any CPU.Deploy.0 = Release|x86
		{667A65AD-0F03-460E-B731-4A3CC37AE135}.AppStore|ARM.ActiveCfg = Release|ARM
		{667A65AD-0F03-460E-B731-4A3CC37AE135}.AppStore|ARM.Build.0 = Release|ARM
		{667A65AD-0F03-460E-B731-4A3CC37AE135}.AppStore|ARM.Deploy.0 = Release|ARM
		{667A65AD-0F03-460E-B731-4A3CC37AE135}.AppStore|iPhone.ActiveCfg = Release|x86
		{667A65AD-0F03-460E-B731-4A3CC37AE135}.AppStore|iPhone.Build.0 = Release|x86
		{667A65AD-0F03-460E-B731-4A3CC37AE135}.AppStore|iPhone.Deploy.0 = Release|x86
		{667A65AD-0F03-460E-B731-4A3CC37AE135}.AppStore|iPhoneSimulator.ActiveCfg = Release|x86
		{667A65AD-0F03-460E-B731-4A3CC37AE135}.AppStore|iPhoneSimulator.Build.0 = Release|x86
		{667A65AD-0F03-460E-B731-4A3CC37AE135}.AppStore|iPhoneSimulator.Deploy.0 = Release|x86
		{667A65AD-0F03-460E-B731-4A3CC37AE135}.AppStore|x64.ActiveCfg = Release|x64
		{667A65AD-0F03-460E-B731-4A3CC37AE135}.AppStore|x64.Build.0 = Release|x64
		{667A65AD-0F03-460E-B731-4A3CC37AE135}.AppStore|x64.Deploy.0 = Release|x64
		{667A65AD-0F03-460E-B731-4A3CC37AE135}.AppStore|x86.ActiveCfg = Release|x86
		{667A65AD-0F03-460E-B731-4A3CC37AE135}.AppStore|x86.Build.0 = Release|x86
		{667A65AD-0F03-460E-B731-4A3CC37AE135}.AppStore|x86.Deploy.0 = Release|x86
		{667A65AD-0F03-460E-B731-4A3CC37AE135}.Debug|Any CPU.ActiveCfg = Debug|x86
		{667A65AD-0F03-460E-B731-4A3CC37AE135}.Debug|Any CPU.Build.0 = Debug|x86
		{667A65AD-0F03-460E-B731-4A3CC37AE135}.Debug|Any CPU.Deploy.0 = Debug|x86
		{667A65AD-0F03-460E-B731-4A3CC37AE135}.Debug|ARM.ActiveCfg = Debug|ARM
		{667A65AD-0F03-460E-B731-4A3CC37AE135}.Debug|ARM.Build.0 = Debug|ARM
		{667A65AD-0F03-460E-B731-4A3CC37AE135}.Debug|ARM.Deploy.0 = Debug|ARM
		{667A65AD-0F03-460E-B731-4A3CC37AE135}.Debug|iPhone.ActiveCfg = Debug|x86
		{667A65AD-0F03-460E-B731-4A3CC37AE135}.Debug|iPhoneSimulator.ActiveCfg = Debug|x86
		{667A65AD-0F03-460E-B731-4A3CC37AE135}.Debug|x64.ActiveCfg = Debug|x64
		{667A65AD-0F03-460E-B731-4A3CC37AE135}.Debug|x64.Build.0 = Debug|x64
		{667A65AD-0F03-460E-B731-4A3CC37AE135}.Debug|x64.Deploy.0 = Debug|x64
		{667A65AD-0F03-460E-B731-4A3CC37AE135}.Debug|x86.ActiveCfg = Debug|x86
		{667A65AD-0F03-460E-B731-4A3CC37AE135}.Debug|x86.Build.0 = Debug|x86
		{667A65AD-0F03-460E-B731-4A3CC37AE135}.Debug|x86.Deploy.0 = Debug|x86
		{667A65AD-0F03-460E-B731-4A3CC37AE135}.Release|Any CPU.ActiveCfg = Release|x86
		{667A65AD-0F03-460E-B731-4A3CC37AE135}.Release|ARM.ActiveCfg = Release|ARM
		{667A65AD-0F03-460E-B731-4A3CC37AE135}.Release|ARM.Build.0 = Release|ARM
		{667A65AD-0F03-460E-B731-4A3CC37AE135}.Release|ARM.Deploy.0 = Release|ARM
		{667A65AD-0F03-460E-B731-4A3CC37AE135}.Release|iPhone.ActiveCfg = Release|x86
		{667A65AD-0F03-460E-B731-4A3CC37AE135}.Release|iPhoneSimulator.ActiveCfg = Release|x86
		{667A65AD-0F03-460E-B731-4A3CC37AE135}.Release|x64.ActiveCfg = Release|x64
		{667A65AD-0F03-460E-B731-4A3CC37AE135}.Release|x64.Build.0 = Release|x64
		{667A65AD-0F03-460E-B731-4A3CC37AE135}.Release|x64.Deploy.0 = Release|x64
		{667A65AD-0F03-460E-B731-4A3CC37AE135}.Release|x86.ActiveCfg = Release|x86
		{667A65AD-0F03-460E-B731-4A3CC37AE135}.Release|x86.Build.0 = Release|x86
		{667A65AD-0F03-460E-B731-4A3CC37AE135}.Release|x86.Deploy.0 = Release|x86
		{EA926477-C349-4055-9788-F248FEABF076}.Ad-Hoc|Any CPU.ActiveCfg = Ad-Hoc|iPhone
		{EA926477-C349-4055-9788-F248FEABF076}.Ad-Hoc|ARM.ActiveCfg = Ad-Hoc|iPhone
		{EA926477-C349-4055-9788-F248FEABF076}.Ad-Hoc|iPhone.ActiveCfg = Ad-Hoc|iPhone
		{EA926477-C349-4055-9788-F248FEABF076}.Ad-Hoc|iPhone.Build.0 = Ad-Hoc|iPhone
		{EA926477-C349-4055-9788-F248FEABF076}.Ad-Hoc|iPhoneSimulator.ActiveCfg = Ad-Hoc|iPhoneSimulator
		{EA926477-C349-4055-9788-F248FEABF076}.Ad-Hoc|iPhoneSimulator.Build.0 = Ad-Hoc|iPhoneSimulator
		{EA926477-C349-4055-9788-F248FEABF076}.Ad-Hoc|x64.ActiveCfg = Ad-Hoc|iPhone
		{EA926477-C349-4055-9788-F248FEABF076}.Ad-Hoc|x86.ActiveCfg = Ad-Hoc|iPhone
		{EA926477-C349-4055-9788-F248FEABF076}.AppStore|Any CPU.ActiveCfg = AppStore|iPhone
		{EA926477-C349-4055-9788-F248FEABF076}.AppStore|ARM.ActiveCfg = AppStore|iPhone
		{EA926477-C349-4055-9788-F248FEABF076}.AppStore|iPhone.ActiveCfg = AppStore|iPhone
		{EA926477-C349-4055-9788-F248FEABF076}.AppStore|iPhone.Build.0 = AppStore|iPhone
		{EA926477-C349-4055-9788-F248FEABF076}.AppStore|iPhoneSimulator.ActiveCfg = AppStore|iPhoneSimulator
		{EA926477-C349-4055-9788-F248FEABF076}.AppStore|iPhoneSimulator.Build.0 = AppStore|iPhoneSimulator
		{EA926477-C349-4055-9788-F248FEABF076}.AppStore|x64.ActiveCfg = AppStore|iPhone
		{EA926477-C349-4055-9788-F248FEABF076}.AppStore|x86.ActiveCfg = AppStore|iPhone
		{EA926477-C349-4055-9788-F248FEABF076}.Debug|Any CPU.ActiveCfg = Debug|iPhone
		{EA926477-C349-4055-9788-F248FEABF076}.Debug|ARM.ActiveCfg = Debug|iPhone
		{EA926477-C349-4055-9788-F248FEABF076}.Debug|iPhone.ActiveCfg = Debug|iPhone
		{EA926477-C349-4055-9788-F248FEABF076}.Debug|iPhone.Build.0 = Debug|iPhone
		{EA926477-C349-4055-9788-F248FEABF076}.Debug|iPhoneSimulator.ActiveCfg = Debug|iPhoneSimulator
		{EA926477-C349-4055-9788-F248FEABF076}.Debug|iPhoneSimulator.Build.0 = Debug|iPhoneSimulator
		{EA926477-C349-4055-9788-F248FEABF076}.Debug|x64.ActiveCfg = Debug|iPhone
		{EA926477-C349-4055-9788-F248FEABF076}.Debug|x86.ActiveCfg = Debug|iPhone
		{EA926477-C349-4055-9788-F248FEABF076}.Release|Any CPU.ActiveCfg = Release|iPhone
		{EA926477-C349-4055-9788-F248FEABF076}.Release|ARM.ActiveCfg = Release|iPhone
		{EA926477-C349-4055-9788-F248FEABF076}.Release|iPhone.ActiveCfg = Release|iPhone
		{EA926477-C349-4055-9788-F248FEABF076}.Release|iPhone.Build.0 = Release|iPhone
		{EA926477-C349-4055-9788-F248FEABF076}.Release|iPhoneSimulator.ActiveCfg = Release|iPhoneSimulator
		{EA926477-C349-4055-9788-F248FEABF076}.Release|iPhoneSimulator.Build.0 = Release|iPhoneSimulator
		{EA926477-C349-4055-9788-F248FEABF076}.Release|x64.ActiveCfg = Release|iPhone
		{EA926477-C349-4055-9788-F248FEABF076}.Release|x86.ActiveCfg = Release|iPhone
	EndGlobalSection
	GlobalSection(SolutionProperties) = preSolution
		HideSolutionNode = FALSE
	EndGlobalSection
EndGlobal
